{
  "requires": true,
  "lockfileVersion": 1,
  "dependencies": {
    "blingjs": {
      "version": "0.0.3",
      "resolved": "https://registry.npmjs.org/blingjs/-/blingjs-0.0.3.tgz",
      "integrity": "sha512-XwsRAzc4i/AjA+KqxB2kxK5hOyJ1yCBbP/Uj87nx3RvLLDAqZNuJ4s+ri+3WA1V3Y7bntEdHfOd5EsyJIMsZAQ=="
    },
    "gsap": {
      "version": "2.0.2",
      "resolved": "https://registry.npmjs.org/gsap/-/gsap-2.0.2.tgz",
      "integrity": "sha512-WyT0uuDNb+5xMccx4SsVcI1CwvIL0BPgP8TyJJmMWT/btGXUNtKesnkXFMMshYs37renFhDo1P5NEoizeonviQ=="
    },
    "jquery": {
      "version": "3.3.1",
      "resolved": "https://registry.npmjs.org/jquery/-/jquery-3.3.1.tgz",
      "integrity": "sha512-Ubldcmxp5np52/ENotGxlLe6aGMvmF4R8S6tZjsP6Knsaxd/xp3Zrh50cG93lR6nPXyUFwzN3ZSOQI0wRJNdGg=="
    }
  }
}
